<?xml version="1.0" encoding="utf-8"?>
<Project ToolsVersion="4.0" xmlns="http://schemas.microsoft.com/developer/msbuild/2003">
  <ItemGroup>
    <Filter Include="Source Files">
      <UniqueIdentifier>{4FC737F1-C7A5-4376-A066-2A32D752A2FF}</UniqueIdentifier>
      <Extensions>cpp;c;cc;cxx;def;odl;idl;hpj;bat;asm;asmx</Extensions>
    </Filter>
    <Filter Include="Header Files">
      <UniqueIdentifier>{93995380-89BD-4b04-88EB-625FBE52EBFB}</UniqueIdentifier>
      <Extensions>h;hh;hpp;hxx;hm;inl;inc;xsd</Extensions>
    </Filter>
    <Filter Include="Resource Files">
      <UniqueIdentifier>{67DA6AB6-F800-4c08-8B7A-83BB121AAD01}</UniqueIdentifier>
      <Extensions>rc;ico;cur;bmp;dlg;rc2;rct;bin;rgs;gif;jpg;jpeg;jpe;resx;tiff;tif;png;wav</Extensions>
    </Filter>
  </ItemGroup>
  <ItemGroup>
    <ClCompile Include="acoustic.cpp">
      <Filter>Source Files</Filter>
    </ClCompile>
    <ClCompile Include="analytical.cpp">
      <Filter>Source Files</Filter>
    </ClCompile>
    <ClCompile Include="boundary_conditions.cpp">
      <Filter>Source Files</Filter>
    </ClCompile>
    <ClCompile Include="config_reader.cpp">
      <Filter>Source Files</Filter>
    </ClCompile>
    <ClCompile Include="euler_utils.cpp">
      <Filter>Source Files</Filter>
    </ClCompile>
    <ClCompile Include="godunov.cpp">
      <Filter>Source Files</Filter>
    </ClCompile>
    <ClCompile Include="grid.cpp">
      <Filter>Source Files</Filter>
    </ClCompile>
    <ClCompile Include="kolgan.cpp">
      <Filter>Source Files</Filter>
    </ClCompile>
    <ClCompile Include="main.cpp">
      <Filter>Source Files</Filter>
    </ClCompile>
    <ClCompile Include="reconstruction.cpp">
      <Filter>Source Files</Filter>
    </ClCompile>
    <ClCompile Include="riemann_solver.cpp">
      <Filter>Source Files</Filter>
    </ClCompile>
    <ClCompile Include="rodionov.cpp">
      <Filter>Source Files</Filter>
    </ClCompile>
    <ClCompile Include="solver.cpp">
      <Filter>Source Files</Filter>
    </ClCompile>
    <ClCompile Include="test_cases.cpp">
      <Filter>Source Files</Filter>
    </ClCompile>
  </ItemGroup>
  <ItemGroup>
    <ClInclude Include="acoustic.h">
      <Filter>Header Files</Filter>
    </ClInclude>
    <ClInclude Include="boundary_conditions.h">
      <Filter>Header Files</Filter>
    </ClInclude>
    <ClInclude Include="euler_utils.h">
      <Filter>Header Files</Filter>
    </ClInclude>
    <ClInclude Include="godunov.h">
      <Filter>Header Files</Filter>
    </ClInclude>
    <ClInclude Include="grid.h">
      <Filter>Header Files</Filter>
    </ClInclude>
    <ClInclude Include="kolgan.h">
      <Filter>Header Files</Filter>
    </ClInclude>
    <ClInclude Include="riemann_solver.h">
      <Filter>Header Files</Filter>
    </ClInclude>
    <ClInclude Include="rodionov.h">
      <Filter>Header Files</Filter>
    </ClInclude>
    <ClInclude Include="solver.h">
      <Filter>Header Files</Filter>
    </ClInclude>
    <ClInclude Include="test_cases.h">
      <Filter>Header Files</Filter>
    </ClInclude>
    <ClInclude Include="types.h">
      <Filter>Header Files</Filter>
    </ClInclude>
  </ItemGroup>
</Project>