<?xml version="1.0" encoding="utf-8"?>
<Project ToolsVersion="4.0" xmlns="http://schemas.microsoft.com/developer/msbuild/2003">
  <ItemGroup>
    <Filter Include="Исходные файлы">
      <UniqueIdentifier>{4FC737F1-C7A5-4376-A066-2A32D752A2FF}</UniqueIdentifier>
      <Extensions>cpp;c;cc;cxx;c++;cppm;ixx;def;odl;idl;hpj;bat;asm;asmx</Extensions>
    </Filter>
    <Filter Include="Файлы заголовков">
      <UniqueIdentifier>{93995380-89BD-4b04-88EB-625FBE52EBFB}</UniqueIdentifier>
      <Extensions>h;hh;hpp;hxx;h++;hm;inl;inc;ipp;xsd</Extensions>
    </Filter>
    <Filter Include="Файлы ресурсов">
      <UniqueIdentifier>{67DA6AB6-F800-4c08-8B7A-83BB121AAD01}</UniqueIdentifier>
      <Extensions>rc;ico;cur;bmp;dlg;rc2;rct;bin;rgs;gif;jpg;jpeg;jpe;resx;tiff;tif;png;wav;mfcribbon-ms</Extensions>
    </Filter>
  </ItemGroup>
  <ItemGroup>
    <ClCompile Include="acoustic.cpp">
      <Filter>Исходные файлы</Filter>
    </ClCompile>
    <ClCompile Include="acoustic_riemann.cpp">
      <Filter>Исходные файлы</Filter>
    </ClCompile>
    <ClCompile Include="analytical.cpp">
      <Filter>Исходные файлы</Filter>
    </ClCompile>
    <ClCompile Include="boundary_conditions.cpp">
      <Filter>Исходные файлы</Filter>
    </ClCompile>
    <ClCompile Include="choice_of_riemann_solvers.cpp">
      <Filter>Исходные файлы</Filter>
    </ClCompile>
    <ClCompile Include="config_reader.cpp">
      <Filter>Исходные файлы</Filter>
    </ClCompile>
    <ClCompile Include="euler_utils.cpp">
      <Filter>Исходные файлы</Filter>
    </ClCompile>
    <ClCompile Include="godunov.cpp">
      <Filter>Исходные файлы</Filter>
    </ClCompile>
    <ClCompile Include="grid.cpp">
      <Filter>Исходные файлы</Filter>
    </ClCompile>
    <ClCompile Include="hll.cpp">
      <Filter>Исходные файлы</Filter>
    </ClCompile>
    <ClCompile Include="hllc.cpp">
      <Filter>Исходные файлы</Filter>
    </ClCompile>
    <ClCompile Include="kolgan.cpp">
      <Filter>Исходные файлы</Filter>
    </ClCompile>
    <ClCompile Include="limiters.cpp">
      <Filter>Исходные файлы</Filter>
    </ClCompile>
    <ClCompile Include="limiters_math.cpp">
      <Filter>Исходные файлы</Filter>
    </ClCompile>
    <ClCompile Include="maccormack.cpp">
      <Filter>Исходные файлы</Filter>
    </ClCompile>
    <ClCompile Include="MaderSolver.cpp">
      <Filter>Исходные файлы</Filter>
    </ClCompile>
    <ClCompile Include="main.cpp">
      <Filter>Исходные файлы</Filter>
    </ClCompile>
    <ClCompile Include="osher.cpp">
      <Filter>Исходные файлы</Filter>
    </ClCompile>
    <ClCompile Include="riemann_solver.cpp">
      <Filter>Исходные файлы</Filter>
    </ClCompile>
    <ClCompile Include="rodionov.cpp">
      <Filter>Исходные файлы</Filter>
    </ClCompile>
    <ClCompile Include="roe.cpp">
      <Filter>Исходные файлы</Filter>
    </ClCompile>
    <ClCompile Include="rusanov.cpp">
      <Filter>Исходные файлы</Filter>
    </ClCompile>
    <ClCompile Include="slope_limiter.cpp">
      <Filter>Исходные файлы</Filter>
    </ClCompile>
    <ClCompile Include="solver.cpp">
      <Filter>Исходные файлы</Filter>
    </ClCompile>
    <ClCompile Include="test_cases.cpp">
      <Filter>Исходные файлы</Filter>
    </ClCompile>
    <ClCompile Include="time_integrator.cpp">
      <Filter>Исходные файлы</Filter>
    </ClCompile>
    <ClCompile Include="mesh_io.cpp">
      <Filter>Исходные файлы</Filter>
    </ClCompile>
    <ClCompile Include="unstructured_solver.cpp">
      <Filter>Исходные файлы</Filter>
    </ClCompile>
  </ItemGroup>
  <ItemGroup>
    <ClInclude Include="acoustic.h">
      <Filter>Файлы заголовков</Filter>
    </ClInclude>
    <ClInclude Include="acoustic_riemann.h">
      <Filter>Файлы заголовков</Filter>
    </ClInclude>
    <ClInclude Include="analytical.h">
      <Filter>Файлы заголовков</Filter>
    </ClInclude>
    <ClInclude Include="boundary_conditions.h">
      <Filter>Файлы заголовков</Filter>
    </ClInclude>
    <ClInclude Include="choice_of_riemann_solvers.h">
      <Filter>Файлы заголовков</Filter>
    </ClInclude>
    <ClInclude Include="debug_logger.h">
      <Filter>Файлы заголовков</Filter>
    </ClInclude>
    <ClInclude Include="euler_utils.h">
      <Filter>Файлы заголовков</Filter>
    </ClInclude>
    <ClInclude Include="godunov.h">
      <Filter>Файлы заголовков</Filter>
    </ClInclude>
    <ClInclude Include="grid.h">
      <Filter>Файлы заголовков</Filter>
    </ClInclude>
    <ClInclude Include="hll.h">
      <Filter>Файлы заголовков</Filter>
    </ClInclude>
    <ClInclude Include="hllc.h">
      <Filter>Файлы заголовков</Filter>
    </ClInclude>
    <ClInclude Include="kolgan.h">
      <Filter>Файлы заголовков</Filter>
    </ClInclude>
    <ClInclude Include="limiters.h">
      <Filter>Файлы заголовков</Filter>
    </ClInclude>
    <ClInclude Include="limiters_math.h">
      <Filter>Файлы заголовков</Filter>
    </ClInclude>
    <ClInclude Include="maccormack.h">
      <Filter>Файлы заголовков</Filter>
    </ClInclude>
    <ClInclude Include="MaderSolver.h">
      <Filter>Файлы заголовков</Filter>
    </ClInclude>
    <ClInclude Include="riemann_solver.h">
      <Filter>Файлы заголовков</Filter>
    </ClInclude>
    <ClInclude Include="rodionov.h">
      <Filter>Файлы заголовков</Filter>
    </ClInclude>
    <ClInclude Include="roe.h">
      <Filter>Файлы заголовков</Filter>
    </ClInclude>
    <ClInclude Include="slope_limiter.h">
      <Filter>Файлы заголовков</Filter>
    </ClInclude>
    <ClInclude Include="solver.h">
      <Filter>Файлы заголовков</Filter>
    </ClInclude>
    <ClInclude Include="test_cases.h">
      <Filter>Файлы заголовков</Filter>
    </ClInclude>
    <ClInclude Include="time_integrator.h">
      <Filter>Файлы заголовков</Filter>
    </ClInclude>
    <ClInclude Include="types.h">
      <Filter>Файлы заголовков</Filter>
    </ClInclude>
    <ClInclude Include="mesh_io.h">
      <Filter>Файлы заголовков</Filter>
    </ClInclude>
    <ClInclude Include="unstructured_solver.h">
      <Filter>Файлы заголовков</Filter>
    </ClInclude>
  </ItemGroup>
  <ItemGroup>
    <Text Include="config.txt" />
  </ItemGroup>
</Project>